
Microsoft Visual Studio Solution File, Format Version 12.00
# Visual Studio Version 17
VisualStudioVersion = 17.3.32819.101
MinimumVisualStudioVersion = 10.0.40219.1
Project("{FAE04EC0-301F-11D3-BF4B-00C04F79EFBC}") = "FreeCRMDemo", "FreeCRMDemo\FreeCRMDemo.csproj", "{A8716E15-CD69-4D9A-A6A0-437E980D81D5}"
EndProject
Global
	GlobalSection(SolutionConfigurationPlatforms) = preSolution
		Debug|Any CPU = Debug|Any CPU
		Release|Any CPU = Release|Any CPU
	EndGlobalSection
	GlobalSection(ProjectConfigurationPlatforms) = postSolution
		{A8716E15-CD69-4D9A-A6A0-437E980D81D5}.Debug|Any CPU.ActiveCfg = Debug|Any CPU
		{A8716E15-CD69-4D9A-A6A0-437E980D81D5}.Debug|Any CPU.Build.0 = Debug|Any CPU
		{A8716E15-CD69-4D9A-A6A0-437E980D81D5}.Release|Any CPU.ActiveCfg = Release|Any CPU
		{A8716E15-CD69-4D9A-A6A0-437E980D81D5}.Release|Any CPU.Build.0 = Release|Any CPU
	EndGlobalSection
	GlobalSection(SolutionProperties) = preSolution
		HideSolutionNode = FALSE
	EndGlobalSection
	GlobalSection(ExtensibilityGlobals) = postSolution
		SolutionGuid = {7A9EBF2D-DFF1-4AAD-88AC-6F1F6B5CFA27}
	EndGlobalSection
EndGlobal
